
Microsoft Visual Studio Solution File, Format Version 12.00
# Visual Studio Version 17
VisualStudioVersion = 17.10.35013.160
MinimumVisualStudioVersion = 10.0.40219.1
Project("{FAE04EC0-301F-11D3-BF4B-00C04F79EFBC}") = "240722", "240722.csproj", "{61FD530C-3774-4502-86CC-4C67648C06FD}"
EndProject
Global
	GlobalSection(SolutionConfigurationPlatforms) = preSolution
		Debug|Any CPU = Debug|Any CPU
		Release|Any CPU = Release|Any CPU
	EndGlobalSection
	GlobalSection(ProjectConfigurationPlatforms) = postSolution
		{61FD530C-3774-4502-86CC-4C67648C06FD}.Debug|Any CPU.ActiveCfg = Debug|Any CPU
		{61FD530C-3774-4502-86CC-4C67648C06FD}.Debug|Any CPU.Build.0 = Debug|Any CPU
		{61FD530C-3774-4502-86CC-4C67648C06FD}.Release|Any CPU.ActiveCfg = Release|Any CPU
		{61FD530C-3774-4502-86CC-4C67648C06FD}.Release|Any CPU.Build.0 = Release|Any CPU
	EndGlobalSection
	GlobalSection(SolutionProperties) = preSolution
		HideSolutionNode = FALSE
	EndGlobalSection
	GlobalSection(ExtensibilityGlobals) = postSolution
		SolutionGuid = {33DC7FFE-DAB8-4C29-B206-A2711E4C32BE}
	EndGlobalSection
EndGlobal
